
Microsoft Visual Studio Solution File, Format Version 12.00
# Visual Studio 14
VisualStudioVersion = 14.0.25420.1
MinimumVisualStudioVersion = 10.0.40219.1
Project("{FAE04EC0-301F-11D3-BF4B-00C04F79EFBC}") = "dotCRFSuite", "dotCRFSuite\dotCRFSuite.csproj", "{7660DD0C-3218-461D-A630-8643175B1D68}"
EndProject
Project("{FAE04EC0-301F-11D3-BF4B-00C04F79EFBC}") = "dotCRFSuite.Tests", "dotCRFSuite.Tests\dotCRFSuite.Tests.csproj", "{5DE9F449-ED5F-4162-A352-42E402F63E50}"
EndProject
Global
	GlobalSection(SolutionConfigurationPlatforms) = preSolution
		Debug|Any CPU = Debug|Any CPU
		Release|Any CPU = Release|Any CPU
	EndGlobalSection
	GlobalSection(ProjectConfigurationPlatforms) = postSolution
		{7660DD0C-3218-461D-A630-8643175B1D68}.Debug|Any CPU.ActiveCfg = Debug|Any CPU
		{7660DD0C-3218-461D-A630-8643175B1D68}.Debug|Any CPU.Build.0 = Debug|Any CPU
		{7660DD0C-3218-461D-A630-8643175B1D68}.Release|Any CPU.ActiveCfg = Release|Any CPU
		{7660DD0C-3218-461D-A630-8643175B1D68}.Release|Any CPU.Build.0 = Release|Any CPU
		{5DE9F449-ED5F-4162-A352-42E402F63E50}.Debug|Any CPU.ActiveCfg = Debug|Any CPU
		{5DE9F449-ED5F-4162-A352-42E402F63E50}.Debug|Any CPU.Build.0 = Debug|Any CPU
		{5DE9F449-ED5F-4162-A352-42E402F63E50}.Release|Any CPU.ActiveCfg = Release|Any CPU
		{5DE9F449-ED5F-4162-A352-42E402F63E50}.Release|Any CPU.Build.0 = Release|Any CPU
	EndGlobalSection
	GlobalSection(SolutionProperties) = preSolution
		HideSolutionNode = FALSE
	EndGlobalSection
EndGlobal
